
Microsoft Visual Studio Solution File, Format Version 12.00
# Visual Studio Version 17
VisualStudioVersion = 17.10.35027.167
MinimumVisualStudioVersion = 10.0.40219.1
Project("{FAE04EC0-301F-11D3-BF4B-00C04F79EFBC}") = "library", "library.csproj", "{64223E05-A0A0-424C-9FAF-1461C4B80867}"
EndProject
Global
	GlobalSection(SolutionConfigurationPlatforms) = preSolution
		Debug|Any CPU = Debug|Any CPU
		Release|Any CPU = Release|Any CPU
	EndGlobalSection
	GlobalSection(ProjectConfigurationPlatforms) = postSolution
		{64223E05-A0A0-424C-9FAF-1461C4B80867}.Debug|Any CPU.ActiveCfg = Debug|Any CPU
		{64223E05-A0A0-424C-9FAF-1461C4B80867}.Debug|Any CPU.Build.0 = Debug|Any CPU
		{64223E05-A0A0-424C-9FAF-1461C4B80867}.Release|Any CPU.ActiveCfg = Release|Any CPU
		{64223E05-A0A0-424C-9FAF-1461C4B80867}.Release|Any CPU.Build.0 = Release|Any CPU
	EndGlobalSection
	GlobalSection(SolutionProperties) = preSolution
		HideSolutionNode = FALSE
	EndGlobalSection
	GlobalSection(ExtensibilityGlobals) = postSolution
		SolutionGuid = {A3B07A3D-C8CD-491C-9173-9826BDAB37F6}
	EndGlobalSection
EndGlobal
